
Microsoft Visual Studio Solution File, Format Version 12.00
# Visual Studio 2012
Project("{FAE04EC0-301F-11D3-BF4B-00C04F79EFBC}") = "RetroShaderFixGUI", "RetroShaderFixGUI.csproj", "{A18F3E07-E192-48CF-899A-776F62D8AF32}"
EndProject
Global
	GlobalSection(SolutionConfigurationPlatforms) = preSolution
		Debug|Any CPU = Debug|Any CPU
		Release|Any CPU = Release|Any CPU
	EndGlobalSection
	GlobalSection(ProjectConfigurationPlatforms) = postSolution
		{A18F3E07-E192-48CF-899A-776F62D8AF32}.Debug|Any CPU.ActiveCfg = Debug|Any CPU
		{A18F3E07-E192-48CF-899A-776F62D8AF32}.Debug|Any CPU.Build.0 = Debug|Any CPU
		{A18F3E07-E192-48CF-899A-776F62D8AF32}.Release|Any CPU.ActiveCfg = Release|Any CPU
		{A18F3E07-E192-48CF-899A-776F62D8AF32}.Release|Any CPU.Build.0 = Release|Any CPU
	EndGlobalSection
	GlobalSection(SolutionProperties) = preSolution
		HideSolutionNode = FALSE
	EndGlobalSection
EndGlobal
